
Microsoft Visual Studio Solution File, Format Version 12.00
# Visual Studio Version 17
VisualStudioVersion = 17.14.35906.104 d17.14
MinimumVisualStudioVersion = 10.0.40219.1
Project("{FAE04EC0-301F-11D3-BF4B-00C04F79EFBC}") = "abira first class", "abira first class\abira first class.csproj", "{0C4A87B0-C017-46CA-9F6E-F2B0738AF0B0}"
EndProject
Global
	GlobalSection(SolutionConfigurationPlatforms) = preSolution
		Debug|Any CPU = Debug|Any CPU
		Release|Any CPU = Release|Any CPU
	EndGlobalSection
	GlobalSection(ProjectConfigurationPlatforms) = postSolution
		{0C4A87B0-C017-46CA-9F6E-F2B0738AF0B0}.Debug|Any CPU.ActiveCfg = Debug|Any CPU
		{0C4A87B0-C017-46CA-9F6E-F2B0738AF0B0}.Debug|Any CPU.Build.0 = Debug|Any CPU
		{0C4A87B0-C017-46CA-9F6E-F2B0738AF0B0}.Release|Any CPU.ActiveCfg = Release|Any CPU
		{0C4A87B0-C017-46CA-9F6E-F2B0738AF0B0}.Release|Any CPU.Build.0 = Release|Any CPU
	EndGlobalSection
	GlobalSection(SolutionProperties) = preSolution
		HideSolutionNode = FALSE
	EndGlobalSection
	GlobalSection(ExtensibilityGlobals) = postSolution
		SolutionGuid = {82A9F1F8-5122-4EFA-8E54-505D2FEA0238}
	EndGlobalSection
EndGlobal
